// !$*UTF8*$!
{
	archiveVersion = 1;
	classes = {
	};
	objectVersion = 56;
	objects = {

/* Begin PBXBuildFile section */
		0344ACC12991F43E00DC75A9 /* BLeafApp.swift in Sources */ = {isa = PBXBuildFile; fileRef = 0344ACC02991F43E00DC75A9 /* BLeafApp.swift */; };
		0344ACC52991F44300DC75A9 /* Assets.xcassets in Resources */ = {isa = PBXBuildFile; fileRef = 0344ACC42991F44300DC75A9 /* Assets.xcassets */; };
		0344ACC82991F44300DC75A9 /* Preview Assets.xcassets in Resources */ = {isa = PBXBuildFile; fileRef = 0344ACC72991F44300DC75A9 /* Preview Assets.xcassets */; };
		03C9C31C299CB39200E531F5 /* NoItemsView.swift in Sources */ = {isa = PBXBuildFile; fileRef = 03C9C31B299CB39200E531F5 /* NoItemsView.swift */; };
		03D5F36A299D51CA008634AB /* Launch Screen.storyboard in Resources */ = {isa = PBXBuildFile; fileRef = 03D5F369299D51CA008634AB /* Launch Screen.storyboard */; };
		03FE038E2995CCC400DE6D37 /* ListView.swift in Sources */ = {isa = PBXBuildFile; fileRef = 03FE038D2995CCC400DE6D37 /* ListView.swift */; };
		03FE03902995CDC200DE6D37 /* ListRowView.swift in Sources */ = {isa = PBXBuildFile; fileRef = 03FE038F2995CDC200DE6D37 /* ListRowView.swift */; };
		03FE03922995D10B00DE6D37 /* AddView.swift in Sources */ = {isa = PBXBuildFile; fileRef = 03FE03912995D10B00DE6D37 /* AddView.swift */; };
		03FE03952995DA8E00DE6D37 /* ItemModel.swift in Sources */ = {isa = PBXBuildFile; fileRef = 03FE03942995DA8E00DE6D37 /* ItemModel.swift */; };
		03FE03982995DF1F00DE6D37 /* ListViewModel.swift in Sources */ = {isa = PBXBuildFile; fileRef = 03FE03972995DF1F00DE6D37 /* ListViewModel.swift */; };
/* End PBXBuildFile section */

/* Begin PBXContainerItemProxy section */
		0344ACCE2991F44400DC75A9 /* PBXContainerItemProxy */ = {
			isa = PBXContainerItemProxy;
			containerPortal = 0344ACB52991F43E00DC75A9 /* Project object */;
			proxyType = 1;
			remoteGlobalIDString = 0344ACBC2991F43E00DC75A9;
			remoteInfo = BLeaf;
		};
		0344ACD82991F44400DC75A9 /* PBXContainerItemProxy */ = {
			isa = PBXContainerItemProxy;
			containerPortal = 0344ACB52991F43E00DC75A9 /* Project object */;
			proxyType = 1;
			remoteGlobalIDString = 0344ACBC2991F43E00DC75A9;
			remoteInfo = BLeaf;
		};
/* End PBXContainerItemProxy section */

/* Begin PBXFileReference section */
		0344ACBD2991F43E00DC75A9 /* BLeaf.app */ = {isa = PBXFileReference; explicitFileType = wrapper.application; includeInIndex = 0; path = BLeaf.app; sourceTree = BUILT_PRODUCTS_DIR; };
		0344ACC02991F43E00DC75A9 /* BLeafApp.swift */ = {isa = PBXFileReference; lastKnownFileType = sourcecode.swift; path = BLeafApp.swift; sourceTree = "<group>"; };
		0344ACC42991F44300DC75A9 /* Assets.xcassets */ = {isa = PBXFileReference; lastKnownFileType = folder.assetcatalog; path = Assets.xcassets; sourceTree = "<group>"; };
		0344ACC72991F44300DC75A9 /* Preview Assets.xcassets */ = {isa = PBXFileReference; lastKnownFileType = folder.assetcatalog; path = "Preview Assets.xcassets"; sourceTree = "<group>"; };
		0344ACCD2991F44400DC75A9 /* BLeafTests.xctest */ = {isa = PBXFileReference; explicitFileType = wrapper.cfbundle; includeInIndex = 0; path = BLeafTests.xctest; sourceTree = BUILT_PRODUCTS_DIR; };
		0344ACD72991F44400DC75A9 /* BLeafUITests.xctest */ = {isa = PBXFileReference; explicitFileType = wrapper.cfbundle; includeInIndex = 0; path = BLeafUITests.xctest; sourceTree = BUILT_PRODUCTS_DIR; };
		03C9C31B299CB39200E531F5 /* NoItemsView.swift */ = {isa = PBXFileReference; lastKnownFileType = sourcecode.swift; path = NoItemsView.swift; sourceTree = "<group>"; };
		03D5F368299D5180008634AB /* Info.plist */ = {isa = PBXFileReference; lastKnownFileType = text.plist; path = Info.plist; sourceTree = "<group>"; };
		03D5F369299D51CA008634AB /* Launch Screen.storyboard */ = {isa = PBXFileReference; lastKnownFileType = file.storyboard; path = "Launch Screen.storyboard"; sourceTree = "<group>"; };
		03FE038D2995CCC400DE6D37 /* ListView.swift */ = {isa = PBXFileReference; lastKnownFileType = sourcecode.swift; path = ListView.swift; sourceTree = "<group>"; };
		03FE038F2995CDC200DE6D37 /* ListRowView.swift */ = {isa = PBXFileReference; lastKnownFileType = sourcecode.swift; path = ListRowView.swift; sourceTree = "<group>"; };
		03FE03912995D10B00DE6D37 /* AddView.swift */ = {isa = PBXFileReference; lastKnownFileType = sourcecode.swift; path = AddView.swift; sourceTree = "<group>"; };
		03FE03942995DA8E00DE6D37 /* ItemModel.swift */ = {isa = PBXFileReference; lastKnownFileType = sourcecode.swift; path = ItemModel.swift; sourceTree = "<group>"; };
		03FE03972995DF1F00DE6D37 /* ListViewModel.swift */ = {isa = PBXFileReference; lastKnownFileType = sourcecode.swift; path = ListViewModel.swift; sourceTree = "<group>"; };
/* End PBXFileReference section */

/* Begin PBXFrameworksBuildPhase section */
		0344ACBA2991F43E00DC75A9 /* Frameworks */ = {
			isa = PBXFrameworksBuildPhase;
			buildActionMask = 2147483647;
			files = (
			);
			runOnlyForDeploymentPostprocessing = 0;
		};
		0344ACCA2991F44400DC75A9 /* Frameworks */ = {
			isa = PBXFrameworksBuildPhase;
			buildActionMask = 2147483647;
			files = (
			);
			runOnlyForDeploymentPostprocessing = 0;
		};
		0344ACD42991F44400DC75A9 /* Frameworks */ = {
			isa = PBXFrameworksBuildPhase;
			buildActionMask = 2147483647;
			files = (
			);
			runOnlyForDeploymentPostprocessing = 0;
		};
/* End PBXFrameworksBuildPhase section */

/* Begin PBXGroup section */
		0344ACB42991F43E00DC75A9 = {
			isa = PBXGroup;
			children = (
				0344ACBF2991F43E00DC75A9 /* BLeaf */,
				0344ACBE2991F43E00DC75A9 /* Products */,
			);
			sourceTree = "<group>";
		};
		0344ACBE2991F43E00DC75A9 /* Products */ = {
			isa = PBXGroup;
			children = (
				0344ACBD2991F43E00DC75A9 /* BLeaf.app */,
				0344ACCD2991F44400DC75A9 /* BLeafTests.xctest */,
				0344ACD72991F44400DC75A9 /* BLeafUITests.xctest */,
			);
			name = Products;
			sourceTree = "<group>";
		};
		0344ACBF2991F43E00DC75A9 /* BLeaf */ = {
			isa = PBXGroup;
			children = (
				03D5F368299D5180008634AB /* Info.plist */,
				03FE03932995DA7300DE6D37 /* Models */,
				03FE03962995DD7F00DE6D37 /* ViewModel */,
				03FE038A2995CBC400DE6D37 /* Views */,
				0344ACC02991F43E00DC75A9 /* BLeafApp.swift */,
				0344ACC42991F44300DC75A9 /* Assets.xcassets */,
				0344ACC62991F44300DC75A9 /* Preview Content */,
			);
			path = BLeaf;
			sourceTree = "<group>";
		};
		0344ACC62991F44300DC75A9 /* Preview Content */ = {
			isa = PBXGroup;
			children = (
				0344ACC72991F44300DC75A9 /* Preview Assets.xcassets */,
			);
			path = "Preview Content";
			sourceTree = "<group>";
		};
		03FE038A2995CBC400DE6D37 /* Views */ = {
			isa = PBXGroup;
			children = (
				03FE038D2995CCC400DE6D37 /* ListView.swift */,
				03D5F369299D51CA008634AB /* Launch Screen.storyboard */,
				03FE038F2995CDC200DE6D37 /* ListRowView.swift */,
				03FE03912995D10B00DE6D37 /* AddView.swift */,
				03C9C31B299CB39200E531F5 /* NoItemsView.swift */,
			);
			path = Views;
			sourceTree = "<group>";
		};
		03FE03932995DA7300DE6D37 /* Models */ = {
			isa = PBXGroup;
			children = (
				03FE03942995DA8E00DE6D37 /* ItemModel.swift */,
			);
			path = Models;
			sourceTree = "<group>";
		};
		03FE03962995DD7F00DE6D37 /* ViewModel */ = {
			isa = PBXGroup;
			children = (
				03FE03972995DF1F00DE6D37 /* ListViewModel.swift */,
			);
			path = ViewModel;
			sourceTree = "<group>";
		};
/* End PBXGroup section */

/* Begin PBXNativeTarget section */
		0344ACBC2991F43E00DC75A9 /* BLeaf */ = {
			isa = PBXNativeTarget;
			buildConfigurationList = 0344ACE12991F44400DC75A9 /* Build configuration list for PBXNativeTarget "BLeaf" */;
			buildPhases = (
				0344ACB92991F43E00DC75A9 /* Sources */,
				0344ACBA2991F43E00DC75A9 /* Frameworks */,
				0344ACBB2991F43E00DC75A9 /* Resources */,
			);
			buildRules = (
			);
			dependencies = (
			);
			name = BLeaf;
			productName = BLeaf;
			productReference = 0344ACBD2991F43E00DC75A9 /* BLeaf.app */;
			productType = "com.apple.product-type.application";
		};
		0344ACCC2991F44400DC75A9 /* BLeafTests */ = {
			isa = PBXNativeTarget;
			buildConfigurationList = 0344ACE42991F44400DC75A9 /* Build configuration list for PBXNativeTarget "BLeafTests" */;
			buildPhases = (
				0344ACC92991F44400DC75A9 /* Sources */,
				0344ACCA2991F44400DC75A9 /* Frameworks */,
				0344ACCB2991F44400DC75A9 /* Resources */,
			);
			buildRules = (
			);
			dependencies = (
				0344ACCF2991F44400DC75A9 /* PBXTargetDependency */,
			);
			name = BLeafTests;
			productName = BLeafTests;
			productReference = 0344ACCD2991F44400DC75A9 /* BLeafTests.xctest */;
			productType = "com.apple.product-type.bundle.unit-test";
		};
		0344ACD62991F44400DC75A9 /* BLeafUITests */ = {
			isa = PBXNativeTarget;
			buildConfigurationList = 0344ACE72991F44400DC75A9 /* Build configuration list for PBXNativeTarget "BLeafUITests" */;
			buildPhases = (
				0344ACD32991F44400DC75A9 /* Sources */,
				0344ACD42991F44400DC75A9 /* Frameworks */,
				0344ACD52991F44400DC75A9 /* Resources */,
			);
			buildRules = (
			);
			dependencies = (
				0344ACD92991F44400DC75A9 /* PBXTargetDependency */,
			);
			name = BLeafUITests;
			productName = BLeafUITests;
			productReference = 0344ACD72991F44400DC75A9 /* BLeafUITests.xctest */;
			productType = "com.apple.product-type.bundle.ui-testing";
		};
/* End PBXNativeTarget section */

/* Begin PBXProject section */
		0344ACB52991F43E00DC75A9 /* Project object */ = {
			isa = PBXProject;
			attributes = {
				BuildIndependentTargetsInParallel = 1;
				LastSwiftUpdateCheck = 1420;
				LastUpgradeCheck = 1420;
				TargetAttributes = {
					0344ACBC2991F43E00DC75A9 = {
						CreatedOnToolsVersion = 14.2;
					};
					0344ACCC2991F44400DC75A9 = {
						CreatedOnToolsVersion = 14.2;
						TestTargetID = 0344ACBC2991F43E00DC75A9;
					};
					0344ACD62991F44400DC75A9 = {
						CreatedOnToolsVersion = 14.2;
						TestTargetID = 0344ACBC2991F43E00DC75A9;
					};
				};
			};
			buildConfigurationList = 0344ACB82991F43E00DC75A9 /* Build configuration list for PBXProject "BLeaf" */;
			compatibilityVersion = "Xcode 14.0";
			developmentRegion = en;
			hasScannedForEncodings = 0;
			knownRegions = (
				en,
				Base,
			);
			mainGroup = 0344ACB42991F43E00DC75A9;
			productRefGroup = 0344ACBE2991F43E00DC75A9 /* Products */;
			projectDirPath = "";
			projectRoot = "";
			targets = (
				0344ACBC2991F43E00DC75A9 /* BLeaf */,
				0344ACCC2991F44400DC75A9 /* BLeafTests */,
				0344ACD62991F44400DC75A9 /* BLeafUITests */,
			);
		};
/* End PBXProject section */

/* Begin PBXResourcesBuildPhase section */
		0344ACBB2991F43E00DC75A9 /* Resources */ = {
			isa = PBXResourcesBuildPhase;
			buildActionMask = 2147483647;
			files = (
				03D5F36A299D51CA008634AB /* Launch Screen.storyboard in Resources */,
				0344ACC82991F44300DC75A9 /* Preview Assets.xcassets in Resources */,
				0344ACC52991F44300DC75A9 /* Assets.xcassets in Resources */,
			);
			runOnlyForDeploymentPostprocessing = 0;
		};
		0344ACCB2991F44400DC75A9 /* Resources */ = {
			isa = PBXResourcesBuildPhase;
			buildActionMask = 2147483647;
			files = (
			);
			runOnlyForDeploymentPostprocessing = 0;
		};
		0344ACD52991F44400DC75A9 /* Resources */ = {
			isa = PBXResourcesBuildPhase;
			buildActionMask = 2147483647;
			files = (
			);
			runOnlyForDeploymentPostprocessing = 0;
		};
/* End PBXResourcesBuildPhase section */

/* Begin PBXSourcesBuildPhase section */
		0344ACB92991F43E00DC75A9 /* Sources */ = {
			isa = PBXSourcesBuildPhase;
			buildActionMask = 2147483647;
			files = (
				03FE03952995DA8E00DE6D37 /* ItemModel.swift in Sources */,
				03FE03922995D10B00DE6D37 /* AddView.swift in Sources */,
				03FE03982995DF1F00DE6D37 /* ListViewModel.swift in Sources */,
				03FE038E2995CCC400DE6D37 /* ListView.swift in Sources */,
				0344ACC12991F43E00DC75A9 /* BLeafApp.swift in Sources */,
				03C9C31C299CB39200E531F5 /* NoItemsView.swift in Sources */,
				03FE03902995CDC200DE6D37 /* ListRowView.swift in Sources */,
			);
			runOnlyForDeploymentPostprocessing = 0;
		};
		0344ACC92991F44400DC75A9 /* Sources */ = {
			isa = PBXSourcesBuildPhase;
			buildActionMask = 2147483647;
			files = (
			);
			runOnlyForDeploymentPostprocessing = 0;
		};
		0344ACD32991F44400DC75A9 /* Sources */ = {
			isa = PBXSourcesBuildPhase;
			buildActionMask = 2147483647;
			files = (
			);
			runOnlyForDeploymentPostprocessing = 0;
		};
/* End PBXSourcesBuildPhase section */

/* Begin PBXTargetDependency section */
		0344ACCF2991F44400DC75A9 /* PBXTargetDependency */ = {
			isa = PBXTargetDependency;
			target = 0344ACBC2991F43E00DC75A9 /* BLeaf */;
			targetProxy = 0344ACCE2991F44400DC75A9 /* PBXContainerItemProxy */;
		};
		0344ACD92991F44400DC75A9 /* PBXTargetDependency */ = {
			isa = PBXTargetDependency;
			target = 0344ACBC2991F43E00DC75A9 /* BLeaf */;
			targetProxy = 0344ACD82991F44400DC75A9 /* PBXContainerItemProxy */;
		};
/* End PBXTargetDependency section */

/* Begin XCBuildConfiguration section */
		0344ACDF2991F44400DC75A9 /* Debug */ = {
			isa = XCBuildConfiguration;
			buildSettings = {
				ALWAYS_SEARCH_USER_PATHS = NO;
				CLANG_ANALYZER_NONNULL = YES;
				CLANG_ANALYZER_NUMBER_OBJECT_CONVERSION = YES_AGGRESSIVE;
				CLANG_CXX_LANGUAGE_STANDARD = "gnu++20";
				CLANG_ENABLE_MODULES = YES;
				CLANG_ENABLE_OBJC_ARC = YES;
				CLANG_ENABLE_OBJC_WEAK = YES;
				CLANG_WARN_BLOCK_CAPTURE_AUTORELEASING = YES;
				CLANG_WARN_BOOL_CONVERSION = YES;
				CLANG_WARN_COMMA = YES;
				CLANG_WARN_CONSTANT_CONVERSION = YES;
				CLANG_WARN_DEPRECATED_OBJC_IMPLEMENTATIONS = YES;
				CLANG_WARN_DIRECT_OBJC_ISA_USAGE = YES_ERROR;
				CLANG_WARN_DOCUMENTATION_COMMENTS = YES;
				CLANG_WARN_EMPTY_BODY = YES;
				CLANG_WARN_ENUM_CONVERSION = YES;
				CLANG_WARN_INFINITE_RECURSION = YES;
				CLANG_WARN_INT_CONVERSION = YES;
				CLANG_WARN_NON_LITERAL_NULL_CONVERSION = YES;
				CLANG_WARN_OBJC_IMPLICIT_RETAIN_SELF = YES;
				CLANG_WARN_OBJC_LITERAL_CONVERSION = YES;
				CLANG_WARN_OBJC_ROOT_CLASS = YES_ERROR;
				CLANG_WARN_QUOTED_INCLUDE_IN_FRAMEWORK_HEADER = YES;
				CLANG_WARN_RANGE_LOOP_ANALYSIS = YES;
				CLANG_WARN_STRICT_PROTOTYPES = YES;
				CLANG_WARN_SUSPICIOUS_MOVE = YES;
				CLANG_WARN_UNGUARDED_AVAILABILITY = YES_AGGRESSIVE;
				CLANG_WARN_UNREACHABLE_CODE = YES;
				CLANG_WARN__DUPLICATE_METHOD_MATCH = YES;
				COPY_PHASE_STRIP = NO;
				DEBUG_INFORMATION_FORMAT = dwarf;
				ENABLE_STRICT_OBJC_MSGSEND = YES;
				ENABLE_TESTABILITY = YES;
				GCC_C_LANGUAGE_STANDARD = gnu11;
				GCC_DYNAMIC_NO_PIC = NO;
				GCC_NO_COMMON_BLOCKS = YES;
				GCC_OPTIMIZATION_LEVEL = 0;
				GCC_PREPROCESSOR_DEFINITIONS = (
					"DEBUG=1",
					"$(inherited)",
				);
				GCC_WARN_64_TO_32_BIT_CONVERSION = YES;
				GCC_WARN_ABOUT_RETURN_TYPE = YES_ERROR;
				GCC_WARN_UNDECLARED_SELECTOR = YES;
				GCC_WARN_UNINITIALIZED_AUTOS = YES_AGGRESSIVE;
				GCC_WARN_UNUSED_FUNCTION = YES;
				GCC_WARN_UNUSED_VARIABLE = YES;
				IPHONEOS_DEPLOYMENT_TARGET = 16.2;
				MTL_ENABLE_DEBUG_INFO = INCLUDE_SOURCE;
				MTL_FAST_MATH = YES;
				ONLY_ACTIVE_ARCH = YES;
				SDKROOT = iphoneos;
				SWIFT_ACTIVE_COMPILATION_CONDITIONS = DEBUG;
				SWIFT_OPTIMIZATION_LEVEL = "-Onone";
			};
			name = Debug;
		};
		0344ACE02991F44400DC75A9 /* Release */ = {
			isa = XCBuildConfiguration;
			buildSettings = {
				ALWAYS_SEARCH_USER_PATHS = NO;
				CLANG_ANALYZER_NONNULL = YES;
				CLANG_ANALYZER_NUMBER_OBJECT_CONVERSION = YES_AGGRESSIVE;
				CLANG_CXX_LANGUAGE_STANDARD = "gnu++20";
				CLANG_ENABLE_MODULES = YES;
				CLANG_ENABLE_OBJC_ARC = YES;
				CLANG_ENABLE_OBJC_WEAK = YES;
				CLANG_WARN_BLOCK_CAPTURE_AUTORELEASING = YES;
				CLANG_WARN_BOOL_CONVERSION = YES;
				CLANG_WARN_COMMA = YES;
				CLANG_WARN_CONSTANT_CONVERSION = YES;
				CLANG_WARN_DEPRECATED_OBJC_IMPLEMENTATIONS = YES;
				CLANG_WARN_DIRECT_OBJC_ISA_USAGE = YES_ERROR;
				CLANG_WARN_DOCUMENTATION_COMMENTS = YES;
				CLANG_WARN_EMPTY_BODY = YES;
				CLANG_WARN_ENUM_CONVERSION = YES;
				CLANG_WARN_INFINITE_RECURSION = YES;
				CLANG_WARN_INT_CONVERSION = YES;
				CLANG_WARN_NON_LITERAL_NULL_CONVERSION = YES;
				CLANG_WARN_OBJC_IMPLICIT_RETAIN_SELF = YES;
				CLANG_WARN_OBJC_LITERAL_CONVERSION = YES;
				CLANG_WARN_OBJC_ROOT_CLASS = YES_ERROR;
				CLANG_WARN_QUOTED_INCLUDE_IN_FRAMEWORK_HEADER = YES;
				CLANG_WARN_RANGE_LOOP_ANALYSIS = YES;
				CLANG_WARN_STRICT_PROTOTYPES = YES;
				CLANG_WARN_SUSPICIOUS_MOVE = YES;
				CLANG_WARN_UNGUARDED_AVAILABILITY = YES_AGGRESSIVE;
				CLANG_WARN_UNREACHABLE_CODE = YES;
				CLANG_WARN__DUPLICATE_METHOD_MATCH = YES;
				COPY_PHASE_STRIP = NO;
				DEBUG_INFORMATION_FORMAT = "dwarf-with-dsym";
				ENABLE_NS_ASSERTIONS = NO;
				ENABLE_STRICT_OBJC_MSGSEND = YES;
				GCC_C_LANGUAGE_STANDARD = gnu11;
				GCC_NO_COMMON_BLOCKS = YES;
				GCC_WARN_64_TO_32_BIT_CONVERSION = YES;
				GCC_WARN_ABOUT_RETURN_TYPE = YES_ERROR;
				GCC_WARN_UNDECLARED_SELECTOR = YES;
				GCC_WARN_UNINITIALIZED_AUTOS = YES_AGGRESSIVE;
				GCC_WARN_UNUSED_FUNCTION = YES;
				GCC_WARN_UNUSED_VARIABLE = YES;
				IPHONEOS_DEPLOYMENT_TARGET = 16.2;
				MTL_ENABLE_DEBUG_INFO = NO;
				MTL_FAST_MATH = YES;
				SDKROOT = iphoneos;
				SWIFT_COMPILATION_MODE = wholemodule;
				SWIFT_OPTIMIZATION_LEVEL = "-O";
				VALIDATE_PRODUCT = YES;
			};
			name = Release;
		};
		0344ACE22991F44400DC75A9 /* Debug */ = {
			isa = XCBuildConfiguration;
			buildSettings = {
				ASSETCATALOG_COMPILER_APPICON_NAME = AppIcon;
				ASSETCATALOG_COMPILER_GLOBAL_ACCENT_COLOR_NAME = AccentColor;
				CODE_SIGN_STYLE = Automatic;
				CURRENT_PROJECT_VERSION = 1;
				DEVELOPMENT_ASSET_PATHS = "\"BLeaf/Preview Content\"";
				ENABLE_PREVIEWS = YES;
				GENERATE_INFOPLIST_FILE = YES;
				INFOPLIST_FILE = BLeaf/Info.plist;
				INFOPLIST_KEY_CFBundleDisplayName = "To-Do-List";
				INFOPLIST_KEY_UIApplicationSceneManifest_Generation = YES;
				INFOPLIST_KEY_UIApplicationSupportsIndirectInputEvents = YES;
				INFOPLIST_KEY_UILaunchStoryboardName = "Launch Screen.storyboard";
				INFOPLIST_KEY_UISupportedInterfaceOrientations_iPad = "UIInterfaceOrientationPortrait UIInterfaceOrientationPortraitUpsideDown UIInterfaceOrientationLandscapeLeft UIInterfaceOrientationLandscapeRight";
				INFOPLIST_KEY_UISupportedInterfaceOrientations_iPhone = "UIInterfaceOrientationPortrait UIInterfaceOrientationLandscapeLeft UIInterfaceOrientationLandscapeRight";
				LD_RUNPATH_SEARCH_PATHS = (
					"$(inherited)",
					"@executable_path/Frameworks",
				);
				MARKETING_VERSION = 1.0;
				PRODUCT_BUNDLE_IDENTIFIER = com.BLeaf.BLeaf;
				PRODUCT_NAME = "$(TARGET_NAME)";
				SWIFT_EMIT_LOC_STRINGS = YES;
				SWIFT_VERSION = 5.0;
				TARGETED_DEVICE_FAMILY = "1,2";
			};
			name = Debug;
		};
		0344ACE32991F44400DC75A9 /* Release */ = {
			isa = XCBuildConfiguration;
			buildSettings = {
				ASSETCATALOG_COMPILER_APPICON_NAME = AppIcon;
				ASSETCATALOG_COMPILER_GLOBAL_ACCENT_COLOR_NAME = AccentColor;
				CODE_SIGN_STYLE = Automatic;
				CURRENT_PROJECT_VERSION = 1;
				DEVELOPMENT_ASSET_PATHS = "\"BLeaf/Preview Content\"";
				ENABLE_PREVIEWS = YES;
				GENERATE_INFOPLIST_FILE = YES;
				INFOPLIST_FILE = BLeaf/Info.plist;
				INFOPLIST_KEY_CFBundleDisplayName = "To-Do-List";
				INFOPLIST_KEY_UIApplicationSceneManifest_Generation = YES;
				INFOPLIST_KEY_UIApplicationSupportsIndirectInputEvents = YES;
				INFOPLIST_KEY_UILaunchStoryboardName = "Launch Screen.storyboard";
				INFOPLIST_KEY_UISupportedInterfaceOrientations_iPad = "UIInterfaceOrientationPortrait UIInterfaceOrientationPortraitUpsideDown UIInterfaceOrientationLandscapeLeft UIInterfaceOrientationLandscapeRight";
				INFOPLIST_KEY_UISupportedInterfaceOrientations_iPhone = "UIInterfaceOrientationPortrait UIInterfaceOrientationLandscapeLeft UIInterfaceOrientationLandscapeRight";
				LD_RUNPATH_SEARCH_PATHS = (
					"$(inherited)",
					"@executable_path/Frameworks",
				);
				MARKETING_VERSION = 1.0;
				PRODUCT_BUNDLE_IDENTIFIER = com.BLeaf.BLeaf;
				PRODUCT_NAME = "$(TARGET_NAME)";
				SWIFT_EMIT_LOC_STRINGS = YES;
				SWIFT_VERSION = 5.0;
				TARGETED_DEVICE_FAMILY = "1,2";
			};
			name = Release;
		};
		0344ACE52991F44400DC75A9 /* Debug */ = {
			isa = XCBuildConfiguration;
			buildSettings = {
				ALWAYS_EMBED_SWIFT_STANDARD_LIBRARIES = YES;
				BUNDLE_LOADER = "$(TEST_HOST)";
				CODE_SIGN_STYLE = Automatic;
				CURRENT_PROJECT_VERSION = 1;
				GENERATE_INFOPLIST_FILE = YES;
				IPHONEOS_DEPLOYMENT_TARGET = 16.2;
				MARKETING_VERSION = 1.0;
				PRODUCT_BUNDLE_IDENTIFIER = com.BLeaf.BLeafTests;
				PRODUCT_NAME = "$(TARGET_NAME)";
				SWIFT_EMIT_LOC_STRINGS = NO;
				SWIFT_VERSION = 5.0;
				TARGETED_DEVICE_FAMILY = "1,2";
				TEST_HOST = "$(BUILT_PRODUCTS_DIR)/BLeaf.app/$(BUNDLE_EXECUTABLE_FOLDER_PATH)/BLeaf";
			};
			name = Debug;
		};
		0344ACE62991F44400DC75A9 /* Release */ = {
			isa = XCBuildConfiguration;
			buildSettings = {
				ALWAYS_EMBED_SWIFT_STANDARD_LIBRARIES = YES;
				BUNDLE_LOADER = "$(TEST_HOST)";
				CODE_SIGN_STYLE = Automatic;
				CURRENT_PROJECT_VERSION = 1;
				GENERATE_INFOPLIST_FILE = YES;
				IPHONEOS_DEPLOYMENT_TARGET = 16.2;
				MARKETING_VERSION = 1.0;
				PRODUCT_BUNDLE_IDENTIFIER = com.BLeaf.BLeafTests;
				PRODUCT_NAME = "$(TARGET_NAME)";
				SWIFT_EMIT_LOC_STRINGS = NO;
				SWIFT_VERSION = 5.0;
				TARGETED_DEVICE_FAMILY = "1,2";
				TEST_HOST = "$(BUILT_PRODUCTS_DIR)/BLeaf.app/$(BUNDLE_EXECUTABLE_FOLDER_PATH)/BLeaf";
			};
			name = Release;
		};
		0344ACE82991F44400DC75A9 /* Debug */ = {
			isa = XCBuildConfiguration;
			buildSettings = {
				ALWAYS_EMBED_SWIFT_STANDARD_LIBRARIES = YES;
				CODE_SIGN_STYLE = Automatic;
				CURRENT_PROJECT_VERSION = 1;
				GENERATE_INFOPLIST_FILE = YES;
				MARKETING_VERSION = 1.0;
				PRODUCT_BUNDLE_IDENTIFIER = com.BLeaf.BLeafUITests;
				PRODUCT_NAME = "$(TARGET_NAME)";
				SWIFT_EMIT_LOC_STRINGS = NO;
				SWIFT_VERSION = 5.0;
				TARGETED_DEVICE_FAMILY = "1,2";
				TEST_TARGET_NAME = BLeaf;
			};
			name = Debug;
		};
		0344ACE92991F44400DC75A9 /* Release */ = {
			isa = XCBuildConfiguration;
			buildSettings = {
				ALWAYS_EMBED_SWIFT_STANDARD_LIBRARIES = YES;
				CODE_SIGN_STYLE = Automatic;
				CURRENT_PROJECT_VERSION = 1;
				GENERATE_INFOPLIST_FILE = YES;
				MARKETING_VERSION = 1.0;
				PRODUCT_BUNDLE_IDENTIFIER = com.BLeaf.BLeafUITests;
				PRODUCT_NAME = "$(TARGET_NAME)";
				SWIFT_EMIT_LOC_STRINGS = NO;
				SWIFT_VERSION = 5.0;
				TARGETED_DEVICE_FAMILY = "1,2";
				TEST_TARGET_NAME = BLeaf;
			};
			name = Release;
		};
/* End XCBuildConfiguration section */

/* Begin XCConfigurationList section */
		0344ACB82991F43E00DC75A9 /* Build configuration list for PBXProject "BLeaf" */ = {
			isa = XCConfigurationList;
			buildConfigurations = (
				0344ACDF2991F44400DC75A9 /* Debug */,
				0344ACE02991F44400DC75A9 /* Release */,
			);
			defaultConfigurationIsVisible = 0;
			defaultConfigurationName = Release;
		};
		0344ACE12991F44400DC75A9 /* Build configuration list for PBXNativeTarget "BLeaf" */ = {
			isa = XCConfigurationList;
			buildConfigurations = (
				0344ACE22991F44400DC75A9 /* Debug */,
				0344ACE32991F44400DC75A9 /* Release */,
			);
			defaultConfigurationIsVisible = 0;
			defaultConfigurationName = Release;
		};
		0344ACE42991F44400DC75A9 /* Build configuration list for PBXNativeTarget "BLeafTests" */ = {
			isa = XCConfigurationList;
			buildConfigurations = (
				0344ACE52991F44400DC75A9 /* Debug */,
				0344ACE62991F44400DC75A9 /* Release */,
			);
			defaultConfigurationIsVisible = 0;
			defaultConfigurationName = Release;
		};
		0344ACE72991F44400DC75A9 /* Build configuration list for PBXNativeTarget "BLeafUITests" */ = {
			isa = XCConfigurationList;
			buildConfigurations = (
				0344ACE82991F44400DC75A9 /* Debug */,
				0344ACE92991F44400DC75A9 /* Release */,
			);
			defaultConfigurationIsVisible = 0;
			defaultConfigurationName = Release;
		};
/* End XCConfigurationList section */
	};
	rootObject = 0344ACB52991F43E00DC75A9 /* Project object */;
}
